
Microsoft Visual Studio Solution File, Format Version 12.00
# Visual Studio 2012
Project("{FAE04EC0-301F-11D3-BF4B-00C04F79EFBC}") = "MyPlaces.iOS", "iOS\MyPlaces.iOS.csproj", "{94291214-43C1-4497-B1A6-3D70AF5A0E6C}"
EndProject
Project("{FAE04EC0-301F-11D3-BF4B-00C04F79EFBC}") = "MyPlaces.Droid", "Droid\MyPlaces.Droid.csproj", "{30A54713-DB2E-48FA-8848-D99FCB504375}"
EndProject
Project("{FAE04EC0-301F-11D3-BF4B-00C04F79EFBC}") = "MyPlaces.Standard", "MyPlaces.Standard\MyPlaces.Standard.csproj", "{0FB96510-8B02-4600-92C3-702C8115B6E3}"
EndProject
Project("{FAE04EC0-301F-11D3-BF4B-00C04F79EFBC}") = "MyPlaces.UITests", "MyPlaces.UITests\MyPlaces.UITests.csproj", "{55E90EB5-15E8-4A11-A166-A4975D319B9F}"
EndProject
Project("{FAE04EC0-301F-11D3-BF4B-00C04F79EFBC}") = "MyPlaces.NUnitTests", "MyPlaces.NUnitTests\MyPlaces.NUnitTests.csproj", "{BB1FD4C2-0ABF-4D0E-9C56-4FFEBAA18884}"
EndProject
Global
	GlobalSection(SolutionConfigurationPlatforms) = preSolution
		Debug|Any CPU = Debug|Any CPU
		Release|Any CPU = Release|Any CPU
		Debug|iPhoneSimulator = Debug|iPhoneSimulator
		Release|iPhone = Release|iPhone
		Release|iPhoneSimulator = Release|iPhoneSimulator
		Debug|iPhone = Debug|iPhone
	EndGlobalSection
	GlobalSection(ProjectConfigurationPlatforms) = postSolution
		{94291214-43C1-4497-B1A6-3D70AF5A0E6C}.Debug|Any CPU.ActiveCfg = Debug|iPhoneSimulator
		{94291214-43C1-4497-B1A6-3D70AF5A0E6C}.Debug|Any CPU.Build.0 = Debug|iPhoneSimulator
		{94291214-43C1-4497-B1A6-3D70AF5A0E6C}.Release|Any CPU.ActiveCfg = Release|iPhone
		{94291214-43C1-4497-B1A6-3D70AF5A0E6C}.Release|Any CPU.Build.0 = Release|iPhone
		{94291214-43C1-4497-B1A6-3D70AF5A0E6C}.Debug|iPhoneSimulator.ActiveCfg = Debug|iPhoneSimulator
		{94291214-43C1-4497-B1A6-3D70AF5A0E6C}.Debug|iPhoneSimulator.Build.0 = Debug|iPhoneSimulator
		{94291214-43C1-4497-B1A6-3D70AF5A0E6C}.Release|iPhone.ActiveCfg = Release|iPhone
		{94291214-43C1-4497-B1A6-3D70AF5A0E6C}.Release|iPhone.Build.0 = Release|iPhone
		{94291214-43C1-4497-B1A6-3D70AF5A0E6C}.Release|iPhoneSimulator.ActiveCfg = Release|iPhoneSimulator
		{94291214-43C1-4497-B1A6-3D70AF5A0E6C}.Release|iPhoneSimulator.Build.0 = Release|iPhoneSimulator
		{94291214-43C1-4497-B1A6-3D70AF5A0E6C}.Debug|iPhone.ActiveCfg = Debug|iPhone
		{94291214-43C1-4497-B1A6-3D70AF5A0E6C}.Debug|iPhone.Build.0 = Debug|iPhone
		{30A54713-DB2E-48FA-8848-D99FCB504375}.Debug|Any CPU.ActiveCfg = Debug|Any CPU
		{30A54713-DB2E-48FA-8848-D99FCB504375}.Debug|Any CPU.Build.0 = Debug|Any CPU
		{30A54713-DB2E-48FA-8848-D99FCB504375}.Release|Any CPU.ActiveCfg = Release|Any CPU
		{30A54713-DB2E-48FA-8848-D99FCB504375}.Release|Any CPU.Build.0 = Release|Any CPU
		{30A54713-DB2E-48FA-8848-D99FCB504375}.Debug|iPhoneSimulator.ActiveCfg = Debug|Any CPU
		{30A54713-DB2E-48FA-8848-D99FCB504375}.Debug|iPhoneSimulator.Build.0 = Debug|Any CPU
		{30A54713-DB2E-48FA-8848-D99FCB504375}.Release|iPhone.ActiveCfg = Release|Any CPU
		{30A54713-DB2E-48FA-8848-D99FCB504375}.Release|iPhone.Build.0 = Release|Any CPU
		{30A54713-DB2E-48FA-8848-D99FCB504375}.Release|iPhoneSimulator.ActiveCfg = Release|Any CPU
		{30A54713-DB2E-48FA-8848-D99FCB504375}.Release|iPhoneSimulator.Build.0 = Release|Any CPU
		{30A54713-DB2E-48FA-8848-D99FCB504375}.Debug|iPhone.ActiveCfg = Debug|Any CPU
		{30A54713-DB2E-48FA-8848-D99FCB504375}.Debug|iPhone.Build.0 = Debug|Any CPU
		{0FB96510-8B02-4600-92C3-702C8115B6E3}.Debug|Any CPU.ActiveCfg = Debug|Any CPU
		{0FB96510-8B02-4600-92C3-702C8115B6E3}.Debug|Any CPU.Build.0 = Debug|Any CPU
		{0FB96510-8B02-4600-92C3-702C8115B6E3}.Release|Any CPU.ActiveCfg = Release|Any CPU
		{0FB96510-8B02-4600-92C3-702C8115B6E3}.Release|Any CPU.Build.0 = Release|Any CPU
		{0FB96510-8B02-4600-92C3-702C8115B6E3}.Debug|iPhoneSimulator.ActiveCfg = Debug|Any CPU
		{0FB96510-8B02-4600-92C3-702C8115B6E3}.Debug|iPhoneSimulator.Build.0 = Debug|Any CPU
		{0FB96510-8B02-4600-92C3-702C8115B6E3}.Release|iPhone.ActiveCfg = Release|Any CPU
		{0FB96510-8B02-4600-92C3-702C8115B6E3}.Release|iPhone.Build.0 = Release|Any CPU
		{0FB96510-8B02-4600-92C3-702C8115B6E3}.Release|iPhoneSimulator.ActiveCfg = Release|Any CPU
		{0FB96510-8B02-4600-92C3-702C8115B6E3}.Release|iPhoneSimulator.Build.0 = Release|Any CPU
		{0FB96510-8B02-4600-92C3-702C8115B6E3}.Debug|iPhone.ActiveCfg = Debug|Any CPU
		{0FB96510-8B02-4600-92C3-702C8115B6E3}.Debug|iPhone.Build.0 = Debug|Any CPU
		{55E90EB5-15E8-4A11-A166-A4975D319B9F}.Debug|Any CPU.ActiveCfg = Debug|Any CPU
		{55E90EB5-15E8-4A11-A166-A4975D319B9F}.Debug|Any CPU.Build.0 = Debug|Any CPU
		{55E90EB5-15E8-4A11-A166-A4975D319B9F}.Release|Any CPU.ActiveCfg = Release|Any CPU
		{55E90EB5-15E8-4A11-A166-A4975D319B9F}.Release|Any CPU.Build.0 = Release|Any CPU
		{55E90EB5-15E8-4A11-A166-A4975D319B9F}.Debug|iPhoneSimulator.ActiveCfg = Debug|Any CPU
		{55E90EB5-15E8-4A11-A166-A4975D319B9F}.Debug|iPhoneSimulator.Build.0 = Debug|Any CPU
		{55E90EB5-15E8-4A11-A166-A4975D319B9F}.Release|iPhone.ActiveCfg = Release|Any CPU
		{55E90EB5-15E8-4A11-A166-A4975D319B9F}.Release|iPhone.Build.0 = Release|Any CPU
		{55E90EB5-15E8-4A11-A166-A4975D319B9F}.Release|iPhoneSimulator.ActiveCfg = Release|Any CPU
		{55E90EB5-15E8-4A11-A166-A4975D319B9F}.Release|iPhoneSimulator.Build.0 = Release|Any CPU
		{55E90EB5-15E8-4A11-A166-A4975D319B9F}.Debug|iPhone.ActiveCfg = Debug|Any CPU
		{55E90EB5-15E8-4A11-A166-A4975D319B9F}.Debug|iPhone.Build.0 = Debug|Any CPU
		{BB1FD4C2-0ABF-4D0E-9C56-4FFEBAA18884}.Debug|Any CPU.ActiveCfg = Debug|Any CPU
		{BB1FD4C2-0ABF-4D0E-9C56-4FFEBAA18884}.Debug|Any CPU.Build.0 = Debug|Any CPU
		{BB1FD4C2-0ABF-4D0E-9C56-4FFEBAA18884}.Release|Any CPU.ActiveCfg = Release|Any CPU
		{BB1FD4C2-0ABF-4D0E-9C56-4FFEBAA18884}.Release|Any CPU.Build.0 = Release|Any CPU
		{BB1FD4C2-0ABF-4D0E-9C56-4FFEBAA18884}.Debug|iPhoneSimulator.ActiveCfg = Debug|Any CPU
		{BB1FD4C2-0ABF-4D0E-9C56-4FFEBAA18884}.Debug|iPhoneSimulator.Build.0 = Debug|Any CPU
		{BB1FD4C2-0ABF-4D0E-9C56-4FFEBAA18884}.Release|iPhone.ActiveCfg = Release|Any CPU
		{BB1FD4C2-0ABF-4D0E-9C56-4FFEBAA18884}.Release|iPhone.Build.0 = Release|Any CPU
		{BB1FD4C2-0ABF-4D0E-9C56-4FFEBAA18884}.Release|iPhoneSimulator.ActiveCfg = Release|Any CPU
		{BB1FD4C2-0ABF-4D0E-9C56-4FFEBAA18884}.Release|iPhoneSimulator.Build.0 = Release|Any CPU
		{BB1FD4C2-0ABF-4D0E-9C56-4FFEBAA18884}.Debug|iPhone.ActiveCfg = Debug|Any CPU
		{BB1FD4C2-0ABF-4D0E-9C56-4FFEBAA18884}.Debug|iPhone.Build.0 = Debug|Any CPU
	EndGlobalSection
	GlobalSection(MonoDevelopProperties) = preSolution
		Policies = $0
		$0.DotNetNamingPolicy = $1
		$1.DirectoryNamespaceAssociation = PrefixedHierarchical
	EndGlobalSection
EndGlobal
